
Microsoft Visual Studio Solution File, Format Version 12.00
# Visual Studio Version 17
VisualStudioVersion = 17.0.31903.59
MinimumVisualStudioVersion = 10.0.40219.1
Project("{FAE04EC0-301F-11D3-BF4B-00C04F79EFBC}") = "Inventory.Entites", "Inventory.Entites\Inventory.Entites.csproj", "{B045D813-7BA9-4955-8217-BCE4ACF9EF29}"
EndProject
Project("{FAE04EC0-301F-11D3-BF4B-00C04F79EFBC}") = "Inventory.Persistence", "Inventory.Persistence\Inventory.Persistence.csproj", "{49886663-806B-40F0-99A6-17251F682AFE}"
EndProject
Global
	GlobalSection(SolutionConfigurationPlatforms) = preSolution
		Debug|Any CPU = Debug|Any CPU
		Release|Any CPU = Release|Any CPU
	EndGlobalSection
	GlobalSection(SolutionProperties) = preSolution
		HideSolutionNode = FALSE
	EndGlobalSection
	GlobalSection(ProjectConfigurationPlatforms) = postSolution
		{B045D813-7BA9-4955-8217-BCE4ACF9EF29}.Debug|Any CPU.ActiveCfg = Debug|Any CPU
		{B045D813-7BA9-4955-8217-BCE4ACF9EF29}.Debug|Any CPU.Build.0 = Debug|Any CPU
		{B045D813-7BA9-4955-8217-BCE4ACF9EF29}.Release|Any CPU.ActiveCfg = Release|Any CPU
		{B045D813-7BA9-4955-8217-BCE4ACF9EF29}.Release|Any CPU.Build.0 = Release|Any CPU
		{49886663-806B-40F0-99A6-17251F682AFE}.Debug|Any CPU.ActiveCfg = Debug|Any CPU
		{49886663-806B-40F0-99A6-17251F682AFE}.Debug|Any CPU.Build.0 = Debug|Any CPU
		{49886663-806B-40F0-99A6-17251F682AFE}.Release|Any CPU.ActiveCfg = Release|Any CPU
		{49886663-806B-40F0-99A6-17251F682AFE}.Release|Any CPU.Build.0 = Release|Any CPU
	EndGlobalSection
EndGlobal
